{
  "name": "evaloncloud",
  "lockfileVersion": 3,
  "requires": true,
  "packages": {
    "": {
      "dependencies": {
        "sponsorflare": "^0.1.1"
      }
    },
    "node_modules/sponsorflare": {
      "version": "0.1.1",
      "resolved": "https://registry.npmjs.org/sponsorflare/-/sponsorflare-0.1.1.tgz",
      "integrity": "sha512-enKrOvg2AoZCFUvuD8hHSqqaurafyTMNaD0OBp43aTbYkJsWrl0xw8Gs2rvv8+C3/e5fFezV53otf5vAjFSqrg=="
    }
  }
}
